
Microsoft Visual Studio Solution File, Format Version 12.00
# Visual Studio 14
VisualStudioVersion = 14.0.25420.1
MinimumVisualStudioVersion = 10.0.40219.1
Project("{FAE04EC0-301F-11D3-BF4B-00C04F79EFBC}") = "Dagama.Sitemap", "Dagama.Sitemap\Dagama.Sitemap.csproj", "{4108E4C9-6FC1-4241-972F-78B524E36D54}"
EndProject
Project("{FAE04EC0-301F-11D3-BF4B-00C04F79EFBC}") = "Dagama.Sitemap.Tests", "Dagama.Sitemap.Tests\Dagama.Sitemap.Tests.csproj", "{62CD4869-D2C6-48AC-BE93-5EAD8EDDB1C2}"
EndProject
Global
	GlobalSection(SolutionConfigurationPlatforms) = preSolution
		Debug|Any CPU = Debug|Any CPU
		Release|Any CPU = Release|Any CPU
	EndGlobalSection
	GlobalSection(ProjectConfigurationPlatforms) = postSolution
		{4108E4C9-6FC1-4241-972F-78B524E36D54}.Debug|Any CPU.ActiveCfg = Debug|Any CPU
		{4108E4C9-6FC1-4241-972F-78B524E36D54}.Debug|Any CPU.Build.0 = Debug|Any CPU
		{4108E4C9-6FC1-4241-972F-78B524E36D54}.Release|Any CPU.ActiveCfg = Release|Any CPU
		{4108E4C9-6FC1-4241-972F-78B524E36D54}.Release|Any CPU.Build.0 = Release|Any CPU
		{62CD4869-D2C6-48AC-BE93-5EAD8EDDB1C2}.Debug|Any CPU.ActiveCfg = Debug|Any CPU
		{62CD4869-D2C6-48AC-BE93-5EAD8EDDB1C2}.Debug|Any CPU.Build.0 = Debug|Any CPU
		{62CD4869-D2C6-48AC-BE93-5EAD8EDDB1C2}.Release|Any CPU.ActiveCfg = Release|Any CPU
		{62CD4869-D2C6-48AC-BE93-5EAD8EDDB1C2}.Release|Any CPU.Build.0 = Release|Any CPU
	EndGlobalSection
	GlobalSection(SolutionProperties) = preSolution
		HideSolutionNode = FALSE
	EndGlobalSection
EndGlobal
